
Microsoft Visual Studio Solution File, Format Version 12.00
# Visual Studio Version 17
VisualStudioVersion = 17.0.31903.59
MinimumVisualStudioVersion = 10.0.40219.1
Project("{2150E333-8FDC-42A3-9474-1A3956D46DE8}") = "src", "src", "{827E0CD3-B72D-47B6-A68D-7590B98EB39B}"
EndProject
Project("{FAE04EC0-301F-11D3-BF4B-00C04F79EFBC}") = "SsalKit.DependencyInjection", "src\SsalKit.DependencyInjection\SsalKit.DependencyInjection.csproj", "{60D758F5-20C6-41D6-A48C-DD979540BAB8}"
EndProject
Project("{FAE04EC0-301F-11D3-BF4B-00C04F79EFBC}") = "SsalKit.DependencyInjection.Generator", "src\SsalKit.DependencyInjection.Generator\SsalKit.DependencyInjection.Generator.csproj", "{FC3ACC14-A26F-4A69-8078-46AE8A37953D}"
EndProject
Project("{2150E333-8FDC-42A3-9474-1A3956D46DE8}") = "tests", "tests", "{0AB3BF05-4346-4AA6-1389-037BE0695223}"
EndProject
Project("{FAE04EC0-301F-11D3-BF4B-00C04F79EFBC}") = "SsalKit.DependencyInjection.Generator.Tests", "tests\SsalKit.DependencyInjection.Generator.Tests\SsalKit.DependencyInjection.Generator.Tests.csproj", "{A3E2B215-BBFE-4C2B-A1F4-6CEEFFCE098E}"
EndProject
Project("{FAE04EC0-301F-11D3-BF4B-00C04F79EFBC}") = "SsalKit.DependencyInjection.IntegrationTests", "tests\SsalKit.DependencyInjection.IntegrationTests\SsalKit.DependencyInjection.IntegrationTests.csproj", "{1F50438D-5A9B-48E9-8CD5-735AEFE5210A}"
EndProject
Project("{2150E333-8FDC-42A3-9474-1A3956D46DE8}") = "samples", "samples", "{5D20AA90-6969-D8BD-9DCD-8634F4692FDA}"
EndProject
Project("{FAE04EC0-301F-11D3-BF4B-00C04F79EFBC}") = "SsalKit.DependencyInjection.Sample", "samples\SsalKit.DependencyInjection.Sample\SsalKit.DependencyInjection.Sample.csproj", "{1DEB7728-7EAF-4B0C-88A5-0059ED5C6C09}"
EndProject
Project("{FAE04EC0-301F-11D3-BF4B-00C04F79EFBC}") = "SsalKit.Randomness", "src\SsalKit.Randomness\SsalKit.Randomness.csproj", "{A765BC93-F0AA-447E-A7BE-593DE12100C0}"
EndProject
Project("{FAE04EC0-301F-11D3-BF4B-00C04F79EFBC}") = "SsalKit.Randomness.Tests", "tests\SsalKit.Randomness.Tests\SsalKit.Randomness.Tests.csproj", "{B78CF1E1-7F30-4BA0-A17F-0AEA4AA6C08E}"
EndProject
Project("{FAE04EC0-301F-11D3-BF4B-00C04F79EFBC}") = "SsalKit.Randomness.Sample", "samples\SsalKit.Randomness.Sample\SsalKit.Randomness.Sample.csproj", "{39473A7E-F102-49D7-91B2-A527325A0D02}"
EndProject
Project("{2150E333-8FDC-42A3-9474-1A3956D46DE8}") = "benchmarks", "benchmarks", "{66320409-64EC-F7C5-3DEF-65E7510DAAD1}"
EndProject
Project("{FAE04EC0-301F-11D3-BF4B-00C04F79EFBC}") = "SsalKit.Randomness.Benchmarks", "benchmarks\SsalKit.Randomness.Benchmarks\SsalKit.Randomness.Benchmarks.csproj", "{AC8EC705-FEEA-4952-8F59-FF9CE389D769}"
EndProject
Project("{FAE04EC0-301F-11D3-BF4B-00C04F79EFBC}") = "SsalKit.Generators.Toolkit", "src\SsalKit.Generators.Toolkit\SsalKit.Generators.Toolkit.csproj", "{99B59C22-8D1F-40F0-91B8-491E9B27BA3D}"
EndProject
Project("{FAE04EC0-301F-11D3-BF4B-00C04F79EFBC}") = "SsalKit.Generators.Toolkit.Tests", "tests\SsalKit.Generators.Toolkit.Tests\SsalKit.Generators.Toolkit.Tests.csproj", "{A77576C8-8AE9-411A-B3DB-71361AE6427D}"
EndProject
Project("{FAE04EC0-301F-11D3-BF4B-00C04F79EFBC}") = "SsalKit.Randomness.Generator", "src\SsalKit.Randomness.Generator\SsalKit.Randomness.Generator.csproj", "{8DB47EA4-D18B-4457-84A1-4ECA3321A541}"
EndProject
Project("{FAE04EC0-301F-11D3-BF4B-00C04F79EFBC}") = "SsalKit.Randomness.Generator.Tests", "tests\SsalKit.Randomness.Generator.Tests\SsalKit.Randomness.Generator.Tests.csproj", "{AA751334-D83C-4CCA-83A2-A945070AD451}"
EndProject
Project("{FAE04EC0-301F-11D3-BF4B-00C04F79EFBC}") = "SsalKit.Randomness.IntegrationTests", "tests\SsalKit.Randomness.IntegrationTests\SsalKit.Randomness.IntegrationTests.csproj", "{F0BE640B-C40E-4096-B9B3-7AABA9A2C4BE}"
EndProject
Project("{FAE04EC0-301F-11D3-BF4B-00C04F79EFBC}") = "SsalKit.Guard", "src\SsalKit.Guard\SsalKit.Guard.csproj", "{135BF166-F0D0-41D6-9EE3-96B369BDCFB9}"
EndProject
Project("{FAE04EC0-301F-11D3-BF4B-00C04F79EFBC}") = "SsalKit.Guard.Generator", "src\SsalKit.Guard.Generator\SsalKit.Guard.Generator.csproj", "{CF58AEF5-032E-4A9A-950C-1E079A3FCECD}"
EndProject
Project("{FAE04EC0-301F-11D3-BF4B-00C04F79EFBC}") = "SsalKit.Guard.Tests", "tests\SsalKit.Guard.Tests\SsalKit.Guard.Tests.csproj", "{C05B66DB-BD01-48C0-BBBD-F4868E5688B6}"
EndProject
Project("{FAE04EC0-301F-11D3-BF4B-00C04F79EFBC}") = "SsalKit.Guard.Generator.Tests", "tests\SsalKit.Guard.Generator.Tests\SsalKit.Guard.Generator.Tests.csproj", "{0FD4FD98-9E0C-4D59-A293-77F630BCD693}"
EndProject
Project("{FAE04EC0-301F-11D3-BF4B-00C04F79EFBC}") = "SsalKit.Guard.IntegrationTests", "tests\SsalKit.Guard.IntegrationTests\SsalKit.Guard.IntegrationTests.csproj", "{85BA13A6-2AFD-4858-A973-E87975E44B98}"
EndProject
Project("{FAE04EC0-301F-11D3-BF4B-00C04F79EFBC}") = "SsalKit.Guard.Sample", "samples\SsalKit.Guard.Sample\SsalKit.Guard.Sample.csproj", "{B3DBD703-8139-42DB-810E-606CDDF18DB9}"
EndProject
Project("{FAE04EC0-301F-11D3-BF4B-00C04F79EFBC}") = "SsalKit.Generators.Toolkit.Testing", "src\SsalKit.Generators.Toolkit.Testing\SsalKit.Generators.Toolkit.Testing.csproj", "{6305BCF2-43AD-484E-A795-BDA6DFB02927}"
EndProject
Project("{FAE04EC0-301F-11D3-BF4B-00C04F79EFBC}") = "SsalKit.Generators.Toolkit.Testing.Tests", "tests\SsalKit.Generators.Toolkit.Testing.Tests\SsalKit.Generators.Toolkit.Testing.Tests.csproj", "{612B68EA-9836-4EB1-BF34-BF5436B9C401}"
EndProject
Project("{FAE04EC0-301F-11D3-BF4B-00C04F79EFBC}") = "SsalKit.RecurrenceSchedule", "src\SsalKit.RecurrenceSchedule\SsalKit.RecurrenceSchedule.csproj", "{9A9E4BB6-362D-42F7-A4C6-C24C521C21B3}"
EndProject
Project("{FAE04EC0-301F-11D3-BF4B-00C04F79EFBC}") = "SsalKit.RecurrenceSchedule.Tests", "tests\SsalKit.RecurrenceSchedule.Tests\SsalKit.RecurrenceSchedule.Tests.csproj", "{6832BE6E-C98E-4823-B42D-6CC3C4797FE4}"
EndProject
Project("{FAE04EC0-301F-11D3-BF4B-00C04F79EFBC}") = "SsalKit.RecurrenceSchedule.Sample", "samples\SsalKit.RecurrenceSchedule.Sample\SsalKit.RecurrenceSchedule.Sample.csproj", "{4CCE82AF-27AA-4C20-8207-37E370CF4960}"
EndProject
Project("{FAE04EC0-301F-11D3-BF4B-00C04F79EFBC}") = "SsalKit.StableHashing", "src\SsalKit.StableHashing\SsalKit.StableHashing.csproj", "{A1293E68-7DFF-44ED-8F3A-F5E43425D53A}"
EndProject
Project("{FAE04EC0-301F-11D3-BF4B-00C04F79EFBC}") = "SsalKit.StableHashing.Tests", "tests\SsalKit.StableHashing.Tests\SsalKit.StableHashing.Tests.csproj", "{9BBCB328-9267-4489-B950-A5508EAA283D}"
EndProject
Global
	GlobalSection(SolutionConfigurationPlatforms) = preSolution
		Debug|Any CPU = Debug|Any CPU
		Debug|x64 = Debug|x64
		Debug|x86 = Debug|x86
		Release|Any CPU = Release|Any CPU
		Release|x64 = Release|x64
		Release|x86 = Release|x86
	EndGlobalSection
	GlobalSection(ProjectConfigurationPlatforms) = postSolution
		{60D758F5-20C6-41D6-A48C-DD979540BAB8}.Debug|Any CPU.ActiveCfg = Debug|Any CPU
		{60D758F5-20C6-41D6-A48C-DD979540BAB8}.Debug|Any CPU.Build.0 = Debug|Any CPU
		{60D758F5-20C6-41D6-A48C-DD979540BAB8}.Debug|x64.ActiveCfg = Debug|Any CPU
		{60D758F5-20C6-41D6-A48C-DD979540BAB8}.Debug|x64.Build.0 = Debug|Any CPU
		{60D758F5-20C6-41D6-A48C-DD979540BAB8}.Debug|x86.ActiveCfg = Debug|Any CPU
		{60D758F5-20C6-41D6-A48C-DD979540BAB8}.Debug|x86.Build.0 = Debug|Any CPU
		{60D758F5-20C6-41D6-A48C-DD979540BAB8}.Release|Any CPU.ActiveCfg = Release|Any CPU
		{60D758F5-20C6-41D6-A48C-DD979540BAB8}.Release|Any CPU.Build.0 = Release|Any CPU
		{60D758F5-20C6-41D6-A48C-DD979540BAB8}.Release|x64.ActiveCfg = Release|Any CPU
		{60D758F5-20C6-41D6-A48C-DD979540BAB8}.Release|x64.Build.0 = Release|Any CPU
		{60D758F5-20C6-41D6-A48C-DD979540BAB8}.Release|x86.ActiveCfg = Release|Any CPU
		{60D758F5-20C6-41D6-A48C-DD979540BAB8}.Release|x86.Build.0 = Release|Any CPU
		{FC3ACC14-A26F-4A69-8078-46AE8A37953D}.Debug|Any CPU.ActiveCfg = Debug|Any CPU
		{FC3ACC14-A26F-4A69-8078-46AE8A37953D}.Debug|Any CPU.Build.0 = Debug|Any CPU
		{FC3ACC14-A26F-4A69-8078-46AE8A37953D}.Debug|x64.ActiveCfg = Debug|Any CPU
		{FC3ACC14-A26F-4A69-8078-46AE8A37953D}.Debug|x64.Build.0 = Debug|Any CPU
		{FC3ACC14-A26F-4A69-8078-46AE8A37953D}.Debug|x86.ActiveCfg = Debug|Any CPU
		{FC3ACC14-A26F-4A69-8078-46AE8A37953D}.Debug|x86.Build.0 = Debug|Any CPU
		{FC3ACC14-A26F-4A69-8078-46AE8A37953D}.Release|Any CPU.ActiveCfg = Release|Any CPU
		{FC3ACC14-A26F-4A69-8078-46AE8A37953D}.Release|Any CPU.Build.0 = Release|Any CPU
		{FC3ACC14-A26F-4A69-8078-46AE8A37953D}.Release|x64.ActiveCfg = Release|Any CPU
		{FC3ACC14-A26F-4A69-8078-46AE8A37953D}.Release|x64.Build.0 = Release|Any CPU
		{FC3ACC14-A26F-4A69-8078-46AE8A37953D}.Release|x86.ActiveCfg = Release|Any CPU
		{FC3ACC14-A26F-4A69-8078-46AE8A37953D}.Release|x86.Build.0 = Release|Any CPU
		{A3E2B215-BBFE-4C2B-A1F4-6CEEFFCE098E}.Debug|Any CPU.ActiveCfg = Debug|Any CPU
		{A3E2B215-BBFE-4C2B-A1F4-6CEEFFCE098E}.Debug|Any CPU.Build.0 = Debug|Any CPU
		{A3E2B215-BBFE-4C2B-A1F4-6CEEFFCE098E}.Debug|x64.ActiveCfg = Debug|Any CPU
		{A3E2B215-BBFE-4C2B-A1F4-6CEEFFCE098E}.Debug|x64.Build.0 = Debug|Any CPU
		{A3E2B215-BBFE-4C2B-A1F4-6CEEFFCE098E}.Debug|x86.ActiveCfg = Debug|Any CPU
		{A3E2B215-BBFE-4C2B-A1F4-6CEEFFCE098E}.Debug|x86.Build.0 = Debug|Any CPU
		{A3E2B215-BBFE-4C2B-A1F4-6CEEFFCE098E}.Release|Any CPU.ActiveCfg = Release|Any CPU
		{A3E2B215-BBFE-4C2B-A1F4-6CEEFFCE098E}.Release|Any CPU.Build.0 = Release|Any CPU
		{A3E2B215-BBFE-4C2B-A1F4-6CEEFFCE098E}.Release|x64.ActiveCfg = Release|Any CPU
		{A3E2B215-BBFE-4C2B-A1F4-6CEEFFCE098E}.Release|x64.Build.0 = Release|Any CPU
		{A3E2B215-BBFE-4C2B-A1F4-6CEEFFCE098E}.Release|x86.ActiveCfg = Release|Any CPU
		{A3E2B215-BBFE-4C2B-A1F4-6CEEFFCE098E}.Release|x86.Build.0 = Release|Any CPU
		{1F50438D-5A9B-48E9-8CD5-735AEFE5210A}.Debug|Any CPU.ActiveCfg = Debug|Any CPU
		{1F50438D-5A9B-48E9-8CD5-735AEFE5210A}.Debug|Any CPU.Build.0 = Debug|Any CPU
		{1F50438D-5A9B-48E9-8CD5-735AEFE5210A}.Debug|x64.ActiveCfg = Debug|Any CPU
		{1F50438D-5A9B-48E9-8CD5-735AEFE5210A}.Debug|x64.Build.0 = Debug|Any CPU
		{1F50438D-5A9B-48E9-8CD5-735AEFE5210A}.Debug|x86.ActiveCfg = Debug|Any CPU
		{1F50438D-5A9B-48E9-8CD5-735AEFE5210A}.Debug|x86.Build.0 = Debug|Any CPU
		{1F50438D-5A9B-48E9-8CD5-735AEFE5210A}.Release|Any CPU.ActiveCfg = Release|Any CPU
		{1F50438D-5A9B-48E9-8CD5-735AEFE5210A}.Release|Any CPU.Build.0 = Release|Any CPU
		{1F50438D-5A9B-48E9-8CD5-735AEFE5210A}.Release|x64.ActiveCfg = Release|Any CPU
		{1F50438D-5A9B-48E9-8CD5-735AEFE5210A}.Release|x64.Build.0 = Release|Any CPU
		{1F50438D-5A9B-48E9-8CD5-735AEFE5210A}.Release|x86.ActiveCfg = Release|Any CPU
		{1F50438D-5A9B-48E9-8CD5-735AEFE5210A}.Release|x86.Build.0 = Release|Any CPU
		{1DEB7728-7EAF-4B0C-88A5-0059ED5C6C09}.Debug|Any CPU.ActiveCfg = Debug|Any CPU
		{1DEB7728-7EAF-4B0C-88A5-0059ED5C6C09}.Debug|Any CPU.Build.0 = Debug|Any CPU
		{1DEB7728-7EAF-4B0C-88A5-0059ED5C6C09}.Debug|x64.ActiveCfg = Debug|Any CPU
		{1DEB7728-7EAF-4B0C-88A5-0059ED5C6C09}.Debug|x64.Build.0 = Debug|Any CPU
		{1DEB7728-7EAF-4B0C-88A5-0059ED5C6C09}.Debug|x86.ActiveCfg = Debug|Any CPU
		{1DEB7728-7EAF-4B0C-88A5-0059ED5C6C09}.Debug|x86.Build.0 = Debug|Any CPU
		{1DEB7728-7EAF-4B0C-88A5-0059ED5C6C09}.Release|Any CPU.ActiveCfg = Release|Any CPU
		{1DEB7728-7EAF-4B0C-88A5-0059ED5C6C09}.Release|Any CPU.Build.0 = Release|Any CPU
		{1DEB7728-7EAF-4B0C-88A5-0059ED5C6C09}.Release|x64.ActiveCfg = Release|Any CPU
		{1DEB7728-7EAF-4B0C-88A5-0059ED5C6C09}.Release|x64.Build.0 = Release|Any CPU
		{1DEB7728-7EAF-4B0C-88A5-0059ED5C6C09}.Release|x86.ActiveCfg = Release|Any CPU
		{1DEB7728-7EAF-4B0C-88A5-0059ED5C6C09}.Release|x86.Build.0 = Release|Any CPU
		{A765BC93-F0AA-447E-A7BE-593DE12100C0}.Debug|Any CPU.ActiveCfg = Debug|Any CPU
		{A765BC93-F0AA-447E-A7BE-593DE12100C0}.Debug|Any CPU.Build.0 = Debug|Any CPU
		{A765BC93-F0AA-447E-A7BE-593DE12100C0}.Debug|x64.ActiveCfg = Debug|Any CPU
		{A765BC93-F0AA-447E-A7BE-593DE12100C0}.Debug|x64.Build.0 = Debug|Any CPU
		{A765BC93-F0AA-447E-A7BE-593DE12100C0}.Debug|x86.ActiveCfg = Debug|Any CPU
		{A765BC93-F0AA-447E-A7BE-593DE12100C0}.Debug|x86.Build.0 = Debug|Any CPU
		{A765BC93-F0AA-447E-A7BE-593DE12100C0}.Release|Any CPU.ActiveCfg = Release|Any CPU
		{A765BC93-F0AA-447E-A7BE-593DE12100C0}.Release|Any CPU.Build.0 = Release|Any CPU
		{A765BC93-F0AA-447E-A7BE-593DE12100C0}.Release|x64.ActiveCfg = Release|Any CPU
		{A765BC93-F0AA-447E-A7BE-593DE12100C0}.Release|x64.Build.0 = Release|Any CPU
		{A765BC93-F0AA-447E-A7BE-593DE12100C0}.Release|x86.ActiveCfg = Release|Any CPU
		{A765BC93-F0AA-447E-A7BE-593DE12100C0}.Release|x86.Build.0 = Release|Any CPU
		{B78CF1E1-7F30-4BA0-A17F-0AEA4AA6C08E}.Debug|Any CPU.ActiveCfg = Debug|Any CPU
		{B78CF1E1-7F30-4BA0-A17F-0AEA4AA6C08E}.Debug|Any CPU.Build.0 = Debug|Any CPU
		{B78CF1E1-7F30-4BA0-A17F-0AEA4AA6C08E}.Debug|x64.ActiveCfg = Debug|Any CPU
		{B78CF1E1-7F30-4BA0-A17F-0AEA4AA6C08E}.Debug|x64.Build.0 = Debug|Any CPU
		{B78CF1E1-7F30-4BA0-A17F-0AEA4AA6C08E}.Debug|x86.ActiveCfg = Debug|Any CPU
		{B78CF1E1-7F30-4BA0-A17F-0AEA4AA6C08E}.Debug|x86.Build.0 = Debug|Any CPU
		{B78CF1E1-7F30-4BA0-A17F-0AEA4AA6C08E}.Release|Any CPU.ActiveCfg = Release|Any CPU
		{B78CF1E1-7F30-4BA0-A17F-0AEA4AA6C08E}.Release|Any CPU.Build.0 = Release|Any CPU
		{B78CF1E1-7F30-4BA0-A17F-0AEA4AA6C08E}.Release|x64.ActiveCfg = Release|Any CPU
		{B78CF1E1-7F30-4BA0-A17F-0AEA4AA6C08E}.Release|x64.Build.0 = Release|Any CPU
		{B78CF1E1-7F30-4BA0-A17F-0AEA4AA6C08E}.Release|x86.ActiveCfg = Release|Any CPU
		{B78CF1E1-7F30-4BA0-A17F-0AEA4AA6C08E}.Release|x86.Build.0 = Release|Any CPU
		{39473A7E-F102-49D7-91B2-A527325A0D02}.Debug|Any CPU.ActiveCfg = Debug|Any CPU
		{39473A7E-F102-49D7-91B2-A527325A0D02}.Debug|Any CPU.Build.0 = Debug|Any CPU
		{39473A7E-F102-49D7-91B2-A527325A0D02}.Debug|x64.ActiveCfg = Debug|Any CPU
		{39473A7E-F102-49D7-91B2-A527325A0D02}.Debug|x64.Build.0 = Debug|Any CPU
		{39473A7E-F102-49D7-91B2-A527325A0D02}.Debug|x86.ActiveCfg = Debug|Any CPU
		{39473A7E-F102-49D7-91B2-A527325A0D02}.Debug|x86.Build.0 = Debug|Any CPU
		{39473A7E-F102-49D7-91B2-A527325A0D02}.Release|Any CPU.ActiveCfg = Release|Any CPU
		{39473A7E-F102-49D7-91B2-A527325A0D02}.Release|Any CPU.Build.0 = Release|Any CPU
		{39473A7E-F102-49D7-91B2-A527325A0D02}.Release|x64.ActiveCfg = Release|Any CPU
		{39473A7E-F102-49D7-91B2-A527325A0D02}.Release|x64.Build.0 = Release|Any CPU
		{39473A7E-F102-49D7-91B2-A527325A0D02}.Release|x86.ActiveCfg = Release|Any CPU
		{39473A7E-F102-49D7-91B2-A527325A0D02}.Release|x86.Build.0 = Release|Any CPU
		{AC8EC705-FEEA-4952-8F59-FF9CE389D769}.Debug|Any CPU.ActiveCfg = Debug|Any CPU
		{AC8EC705-FEEA-4952-8F59-FF9CE389D769}.Debug|Any CPU.Build.0 = Debug|Any CPU
		{AC8EC705-FEEA-4952-8F59-FF9CE389D769}.Debug|x64.ActiveCfg = Debug|Any CPU
		{AC8EC705-FEEA-4952-8F59-FF9CE389D769}.Debug|x64.Build.0 = Debug|Any CPU
		{AC8EC705-FEEA-4952-8F59-FF9CE389D769}.Debug|x86.ActiveCfg = Debug|Any CPU
		{AC8EC705-FEEA-4952-8F59-FF9CE389D769}.Debug|x86.Build.0 = Debug|Any CPU
		{AC8EC705-FEEA-4952-8F59-FF9CE389D769}.Release|Any CPU.ActiveCfg = Release|Any CPU
		{AC8EC705-FEEA-4952-8F59-FF9CE389D769}.Release|Any CPU.Build.0 = Release|Any CPU
		{AC8EC705-FEEA-4952-8F59-FF9CE389D769}.Release|x64.ActiveCfg = Release|Any CPU
		{AC8EC705-FEEA-4952-8F59-FF9CE389D769}.Release|x64.Build.0 = Release|Any CPU
		{AC8EC705-FEEA-4952-8F59-FF9CE389D769}.Release|x86.ActiveCfg = Release|Any CPU
		{AC8EC705-FEEA-4952-8F59-FF9CE389D769}.Release|x86.Build.0 = Release|Any CPU
		{99B59C22-8D1F-40F0-91B8-491E9B27BA3D}.Debug|Any CPU.ActiveCfg = Debug|Any CPU
		{99B59C22-8D1F-40F0-91B8-491E9B27BA3D}.Debug|Any CPU.Build.0 = Debug|Any CPU
		{99B59C22-8D1F-40F0-91B8-491E9B27BA3D}.Debug|x64.ActiveCfg = Debug|Any CPU
		{99B59C22-8D1F-40F0-91B8-491E9B27BA3D}.Debug|x64.Build.0 = Debug|Any CPU
		{99B59C22-8D1F-40F0-91B8-491E9B27BA3D}.Debug|x86.ActiveCfg = Debug|Any CPU
		{99B59C22-8D1F-40F0-91B8-491E9B27BA3D}.Debug|x86.Build.0 = Debug|Any CPU
		{99B59C22-8D1F-40F0-91B8-491E9B27BA3D}.Release|Any CPU.ActiveCfg = Release|Any CPU
		{99B59C22-8D1F-40F0-91B8-491E9B27BA3D}.Release|Any CPU.Build.0 = Release|Any CPU
		{99B59C22-8D1F-40F0-91B8-491E9B27BA3D}.Release|x64.ActiveCfg = Release|Any CPU
		{99B59C22-8D1F-40F0-91B8-491E9B27BA3D}.Release|x64.Build.0 = Release|Any CPU
		{99B59C22-8D1F-40F0-91B8-491E9B27BA3D}.Release|x86.ActiveCfg = Release|Any CPU
		{99B59C22-8D1F-40F0-91B8-491E9B27BA3D}.Release|x86.Build.0 = Release|Any CPU
		{A77576C8-8AE9-411A-B3DB-71361AE6427D}.Debug|Any CPU.ActiveCfg = Debug|Any CPU
		{A77576C8-8AE9-411A-B3DB-71361AE6427D}.Debug|Any CPU.Build.0 = Debug|Any CPU
		{A77576C8-8AE9-411A-B3DB-71361AE6427D}.Debug|x64.ActiveCfg = Debug|Any CPU
		{A77576C8-8AE9-411A-B3DB-71361AE6427D}.Debug|x64.Build.0 = Debug|Any CPU
		{A77576C8-8AE9-411A-B3DB-71361AE6427D}.Debug|x86.ActiveCfg = Debug|Any CPU
		{A77576C8-8AE9-411A-B3DB-71361AE6427D}.Debug|x86.Build.0 = Debug|Any CPU
		{A77576C8-8AE9-411A-B3DB-71361AE6427D}.Release|Any CPU.ActiveCfg = Release|Any CPU
		{A77576C8-8AE9-411A-B3DB-71361AE6427D}.Release|Any CPU.Build.0 = Release|Any CPU
		{A77576C8-8AE9-411A-B3DB-71361AE6427D}.Release|x64.ActiveCfg = Release|Any CPU
		{A77576C8-8AE9-411A-B3DB-71361AE6427D}.Release|x64.Build.0 = Release|Any CPU
		{A77576C8-8AE9-411A-B3DB-71361AE6427D}.Release|x86.ActiveCfg = Release|Any CPU
		{A77576C8-8AE9-411A-B3DB-71361AE6427D}.Release|x86.Build.0 = Release|Any CPU
		{8DB47EA4-D18B-4457-84A1-4ECA3321A541}.Debug|Any CPU.ActiveCfg = Debug|Any CPU
		{8DB47EA4-D18B-4457-84A1-4ECA3321A541}.Debug|Any CPU.Build.0 = Debug|Any CPU
		{8DB47EA4-D18B-4457-84A1-4ECA3321A541}.Debug|x64.ActiveCfg = Debug|Any CPU
		{8DB47EA4-D18B-4457-84A1-4ECA3321A541}.Debug|x64.Build.0 = Debug|Any CPU
		{8DB47EA4-D18B-4457-84A1-4ECA3321A541}.Debug|x86.ActiveCfg = Debug|Any CPU
		{8DB47EA4-D18B-4457-84A1-4ECA3321A541}.Debug|x86.Build.0 = Debug|Any CPU
		{8DB47EA4-D18B-4457-84A1-4ECA3321A541}.Release|Any CPU.ActiveCfg = Release|Any CPU
		{8DB47EA4-D18B-4457-84A1-4ECA3321A541}.Release|Any CPU.Build.0 = Release|Any CPU
		{8DB47EA4-D18B-4457-84A1-4ECA3321A541}.Release|x64.ActiveCfg = Release|Any CPU
		{8DB47EA4-D18B-4457-84A1-4ECA3321A541}.Release|x64.Build.0 = Release|Any CPU
		{8DB47EA4-D18B-4457-84A1-4ECA3321A541}.Release|x86.ActiveCfg = Release|Any CPU
		{8DB47EA4-D18B-4457-84A1-4ECA3321A541}.Release|x86.Build.0 = Release|Any CPU
		{AA751334-D83C-4CCA-83A2-A945070AD451}.Debug|Any CPU.ActiveCfg = Debug|Any CPU
		{AA751334-D83C-4CCA-83A2-A945070AD451}.Debug|Any CPU.Build.0 = Debug|Any CPU
		{AA751334-D83C-4CCA-83A2-A945070AD451}.Debug|x64.ActiveCfg = Debug|Any CPU
		{AA751334-D83C-4CCA-83A2-A945070AD451}.Debug|x64.Build.0 = Debug|Any CPU
		{AA751334-D83C-4CCA-83A2-A945070AD451}.Debug|x86.ActiveCfg = Debug|Any CPU
		{AA751334-D83C-4CCA-83A2-A945070AD451}.Debug|x86.Build.0 = Debug|Any CPU
		{AA751334-D83C-4CCA-83A2-A945070AD451}.Release|Any CPU.ActiveCfg = Release|Any CPU
		{AA751334-D83C-4CCA-83A2-A945070AD451}.Release|Any CPU.Build.0 = Release|Any CPU
		{AA751334-D83C-4CCA-83A2-A945070AD451}.Release|x64.ActiveCfg = Release|Any CPU
		{AA751334-D83C-4CCA-83A2-A945070AD451}.Release|x64.Build.0 = Release|Any CPU
		{AA751334-D83C-4CCA-83A2-A945070AD451}.Release|x86.ActiveCfg = Release|Any CPU
		{AA751334-D83C-4CCA-83A2-A945070AD451}.Release|x86.Build.0 = Release|Any CPU
		{F0BE640B-C40E-4096-B9B3-7AABA9A2C4BE}.Debug|Any CPU.ActiveCfg = Debug|Any CPU
		{F0BE640B-C40E-4096-B9B3-7AABA9A2C4BE}.Debug|Any CPU.Build.0 = Debug|Any CPU
		{F0BE640B-C40E-4096-B9B3-7AABA9A2C4BE}.Debug|x64.ActiveCfg = Debug|Any CPU
		{F0BE640B-C40E-4096-B9B3-7AABA9A2C4BE}.Debug|x64.Build.0 = Debug|Any CPU
		{F0BE640B-C40E-4096-B9B3-7AABA9A2C4BE}.Debug|x86.ActiveCfg = Debug|Any CPU
		{F0BE640B-C40E-4096-B9B3-7AABA9A2C4BE}.Debug|x86.Build.0 = Debug|Any CPU
		{F0BE640B-C40E-4096-B9B3-7AABA9A2C4BE}.Release|Any CPU.ActiveCfg = Release|Any CPU
		{F0BE640B-C40E-4096-B9B3-7AABA9A2C4BE}.Release|Any CPU.Build.0 = Release|Any CPU
		{F0BE640B-C40E-4096-B9B3-7AABA9A2C4BE}.Release|x64.ActiveCfg = Release|Any CPU
		{F0BE640B-C40E-4096-B9B3-7AABA9A2C4BE}.Release|x64.Build.0 = Release|Any CPU
		{F0BE640B-C40E-4096-B9B3-7AABA9A2C4BE}.Release|x86.ActiveCfg = Release|Any CPU
		{F0BE640B-C40E-4096-B9B3-7AABA9A2C4BE}.Release|x86.Build.0 = Release|Any CPU
		{135BF166-F0D0-41D6-9EE3-96B369BDCFB9}.Debug|Any CPU.ActiveCfg = Debug|Any CPU
		{135BF166-F0D0-41D6-9EE3-96B369BDCFB9}.Debug|Any CPU.Build.0 = Debug|Any CPU
		{135BF166-F0D0-41D6-9EE3-96B369BDCFB9}.Debug|x64.ActiveCfg = Debug|Any CPU
		{135BF166-F0D0-41D6-9EE3-96B369BDCFB9}.Debug|x64.Build.0 = Debug|Any CPU
		{135BF166-F0D0-41D6-9EE3-96B369BDCFB9}.Debug|x86.ActiveCfg = Debug|Any CPU
		{135BF166-F0D0-41D6-9EE3-96B369BDCFB9}.Debug|x86.Build.0 = Debug|Any CPU
		{135BF166-F0D0-41D6-9EE3-96B369BDCFB9}.Release|Any CPU.ActiveCfg = Release|Any CPU
		{135BF166-F0D0-41D6-9EE3-96B369BDCFB9}.Release|Any CPU.Build.0 = Release|Any CPU
		{135BF166-F0D0-41D6-9EE3-96B369BDCFB9}.Release|x64.ActiveCfg = Release|Any CPU
		{135BF166-F0D0-41D6-9EE3-96B369BDCFB9}.Release|x64.Build.0 = Release|Any CPU
		{135BF166-F0D0-41D6-9EE3-96B369BDCFB9}.Release|x86.ActiveCfg = Release|Any CPU
		{135BF166-F0D0-41D6-9EE3-96B369BDCFB9}.Release|x86.Build.0 = Release|Any CPU
		{CF58AEF5-032E-4A9A-950C-1E079A3FCECD}.Debug|Any CPU.ActiveCfg = Debug|Any CPU
		{CF58AEF5-032E-4A9A-950C-1E079A3FCECD}.Debug|Any CPU.Build.0 = Debug|Any CPU
		{CF58AEF5-032E-4A9A-950C-1E079A3FCECD}.Debug|x64.ActiveCfg = Debug|Any CPU
		{CF58AEF5-032E-4A9A-950C-1E079A3FCECD}.Debug|x64.Build.0 = Debug|Any CPU
		{CF58AEF5-032E-4A9A-950C-1E079A3FCECD}.Debug|x86.ActiveCfg = Debug|Any CPU
		{CF58AEF5-032E-4A9A-950C-1E079A3FCECD}.Debug|x86.Build.0 = Debug|Any CPU
		{CF58AEF5-032E-4A9A-950C-1E079A3FCECD}.Release|Any CPU.ActiveCfg = Release|Any CPU
		{CF58AEF5-032E-4A9A-950C-1E079A3FCECD}.Release|Any CPU.Build.0 = Release|Any CPU
		{CF58AEF5-032E-4A9A-950C-1E079A3FCECD}.Release|x64.ActiveCfg = Release|Any CPU
		{CF58AEF5-032E-4A9A-950C-1E079A3FCECD}.Release|x64.Build.0 = Release|Any CPU
		{CF58AEF5-032E-4A9A-950C-1E079A3FCECD}.Release|x86.ActiveCfg = Release|Any CPU
		{CF58AEF5-032E-4A9A-950C-1E079A3FCECD}.Release|x86.Build.0 = Release|Any CPU
		{C05B66DB-BD01-48C0-BBBD-F4868E5688B6}.Debug|Any CPU.ActiveCfg = Debug|Any CPU
		{C05B66DB-BD01-48C0-BBBD-F4868E5688B6}.Debug|Any CPU.Build.0 = Debug|Any CPU
		{C05B66DB-BD01-48C0-BBBD-F4868E5688B6}.Debug|x64.ActiveCfg = Debug|Any CPU
		{C05B66DB-BD01-48C0-BBBD-F4868E5688B6}.Debug|x64.Build.0 = Debug|Any CPU
		{C05B66DB-BD01-48C0-BBBD-F4868E5688B6}.Debug|x86.ActiveCfg = Debug|Any CPU
		{C05B66DB-BD01-48C0-BBBD-F4868E5688B6}.Debug|x86.Build.0 = Debug|Any CPU
		{C05B66DB-BD01-48C0-BBBD-F4868E5688B6}.Release|Any CPU.ActiveCfg = Release|Any CPU
		{C05B66DB-BD01-48C0-BBBD-F4868E5688B6}.Release|Any CPU.Build.0 = Release|Any CPU
		{C05B66DB-BD01-48C0-BBBD-F4868E5688B6}.Release|x64.ActiveCfg = Release|Any CPU
		{C05B66DB-BD01-48C0-BBBD-F4868E5688B6}.Release|x64.Build.0 = Release|Any CPU
		{C05B66DB-BD01-48C0-BBBD-F4868E5688B6}.Release|x86.ActiveCfg = Release|Any CPU
		{C05B66DB-BD01-48C0-BBBD-F4868E5688B6}.Release|x86.Build.0 = Release|Any CPU
		{0FD4FD98-9E0C-4D59-A293-77F630BCD693}.Debug|Any CPU.ActiveCfg = Debug|Any CPU
		{0FD4FD98-9E0C-4D59-A293-77F630BCD693}.Debug|Any CPU.Build.0 = Debug|Any CPU
		{0FD4FD98-9E0C-4D59-A293-77F630BCD693}.Debug|x64.ActiveCfg = Debug|Any CPU
		{0FD4FD98-9E0C-4D59-A293-77F630BCD693}.Debug|x64.Build.0 = Debug|Any CPU
		{0FD4FD98-9E0C-4D59-A293-77F630BCD693}.Debug|x86.ActiveCfg = Debug|Any CPU
		{0FD4FD98-9E0C-4D59-A293-77F630BCD693}.Debug|x86.Build.0 = Debug|Any CPU
		{0FD4FD98-9E0C-4D59-A293-77F630BCD693}.Release|Any CPU.ActiveCfg = Release|Any CPU
		{0FD4FD98-9E0C-4D59-A293-77F630BCD693}.Release|Any CPU.Build.0 = Release|Any CPU
		{0FD4FD98-9E0C-4D59-A293-77F630BCD693}.Release|x64.ActiveCfg = Release|Any CPU
		{0FD4FD98-9E0C-4D59-A293-77F630BCD693}.Release|x64.Build.0 = Release|Any CPU
		{0FD4FD98-9E0C-4D59-A293-77F630BCD693}.Release|x86.ActiveCfg = Release|Any CPU
		{0FD4FD98-9E0C-4D59-A293-77F630BCD693}.Release|x86.Build.0 = Release|Any CPU
		{85BA13A6-2AFD-4858-A973-E87975E44B98}.Debug|Any CPU.ActiveCfg = Debug|Any CPU
		{85BA13A6-2AFD-4858-A973-E87975E44B98}.Debug|Any CPU.Build.0 = Debug|Any CPU
		{85BA13A6-2AFD-4858-A973-E87975E44B98}.Debug|x64.ActiveCfg = Debug|Any CPU
		{85BA13A6-2AFD-4858-A973-E87975E44B98}.Debug|x64.Build.0 = Debug|Any CPU
		{85BA13A6-2AFD-4858-A973-E87975E44B98}.Debug|x86.ActiveCfg = Debug|Any CPU
		{85BA13A6-2AFD-4858-A973-E87975E44B98}.Debug|x86.Build.0 = Debug|Any CPU
		{85BA13A6-2AFD-4858-A973-E87975E44B98}.Release|Any CPU.ActiveCfg = Release|Any CPU
		{85BA13A6-2AFD-4858-A973-E87975E44B98}.Release|Any CPU.Build.0 = Release|Any CPU
		{85BA13A6-2AFD-4858-A973-E87975E44B98}.Release|x64.ActiveCfg = Release|Any CPU
		{85BA13A6-2AFD-4858-A973-E87975E44B98}.Release|x64.Build.0 = Release|Any CPU
		{85BA13A6-2AFD-4858-A973-E87975E44B98}.Release|x86.ActiveCfg = Release|Any CPU
		{85BA13A6-2AFD-4858-A973-E87975E44B98}.Release|x86.Build.0 = Release|Any CPU
		{B3DBD703-8139-42DB-810E-606CDDF18DB9}.Debug|Any CPU.ActiveCfg = Debug|Any CPU
		{B3DBD703-8139-42DB-810E-606CDDF18DB9}.Debug|Any CPU.Build.0 = Debug|Any CPU
		{B3DBD703-8139-42DB-810E-606CDDF18DB9}.Debug|x64.ActiveCfg = Debug|Any CPU
		{B3DBD703-8139-42DB-810E-606CDDF18DB9}.Debug|x64.Build.0 = Debug|Any CPU
		{B3DBD703-8139-42DB-810E-606CDDF18DB9}.Debug|x86.ActiveCfg = Debug|Any CPU
		{B3DBD703-8139-42DB-810E-606CDDF18DB9}.Debug|x86.Build.0 = Debug|Any CPU
		{B3DBD703-8139-42DB-810E-606CDDF18DB9}.Release|Any CPU.ActiveCfg = Release|Any CPU
		{B3DBD703-8139-42DB-810E-606CDDF18DB9}.Release|Any CPU.Build.0 = Release|Any CPU
		{B3DBD703-8139-42DB-810E-606CDDF18DB9}.Release|x64.ActiveCfg = Release|Any CPU
		{B3DBD703-8139-42DB-810E-606CDDF18DB9}.Release|x64.Build.0 = Release|Any CPU
		{B3DBD703-8139-42DB-810E-606CDDF18DB9}.Release|x86.ActiveCfg = Release|Any CPU
		{B3DBD703-8139-42DB-810E-606CDDF18DB9}.Release|x86.Build.0 = Release|Any CPU
		{6305BCF2-43AD-484E-A795-BDA6DFB02927}.Debug|Any CPU.ActiveCfg = Debug|Any CPU
		{6305BCF2-43AD-484E-A795-BDA6DFB02927}.Debug|Any CPU.Build.0 = Debug|Any CPU
		{6305BCF2-43AD-484E-A795-BDA6DFB02927}.Debug|x64.ActiveCfg = Debug|Any CPU
		{6305BCF2-43AD-484E-A795-BDA6DFB02927}.Debug|x64.Build.0 = Debug|Any CPU
		{6305BCF2-43AD-484E-A795-BDA6DFB02927}.Debug|x86.ActiveCfg = Debug|Any CPU
		{6305BCF2-43AD-484E-A795-BDA6DFB02927}.Debug|x86.Build.0 = Debug|Any CPU
		{6305BCF2-43AD-484E-A795-BDA6DFB02927}.Release|Any CPU.ActiveCfg = Release|Any CPU
		{6305BCF2-43AD-484E-A795-BDA6DFB02927}.Release|Any CPU.Build.0 = Release|Any CPU
		{6305BCF2-43AD-484E-A795-BDA6DFB02927}.Release|x64.ActiveCfg = Release|Any CPU
		{6305BCF2-43AD-484E-A795-BDA6DFB02927}.Release|x64.Build.0 = Release|Any CPU
		{6305BCF2-43AD-484E-A795-BDA6DFB02927}.Release|x86.ActiveCfg = Release|Any CPU
		{6305BCF2-43AD-484E-A795-BDA6DFB02927}.Release|x86.Build.0 = Release|Any CPU
		{612B68EA-9836-4EB1-BF34-BF5436B9C401}.Debug|Any CPU.ActiveCfg = Debug|Any CPU
		{612B68EA-9836-4EB1-BF34-BF5436B9C401}.Debug|Any CPU.Build.0 = Debug|Any CPU
		{612B68EA-9836-4EB1-BF34-BF5436B9C401}.Debug|x64.ActiveCfg = Debug|Any CPU
		{612B68EA-9836-4EB1-BF34-BF5436B9C401}.Debug|x64.Build.0 = Debug|Any CPU
		{612B68EA-9836-4EB1-BF34-BF5436B9C401}.Debug|x86.ActiveCfg = Debug|Any CPU
		{612B68EA-9836-4EB1-BF34-BF5436B9C401}.Debug|x86.Build.0 = Debug|Any CPU
		{612B68EA-9836-4EB1-BF34-BF5436B9C401}.Release|Any CPU.ActiveCfg = Release|Any CPU
		{612B68EA-9836-4EB1-BF34-BF5436B9C401}.Release|Any CPU.Build.0 = Release|Any CPU
		{612B68EA-9836-4EB1-BF34-BF5436B9C401}.Release|x64.ActiveCfg = Release|Any CPU
		{612B68EA-9836-4EB1-BF34-BF5436B9C401}.Release|x64.Build.0 = Release|Any CPU
		{612B68EA-9836-4EB1-BF34-BF5436B9C401}.Release|x86.ActiveCfg = Release|Any CPU
		{612B68EA-9836-4EB1-BF34-BF5436B9C401}.Release|x86.Build.0 = Release|Any CPU
		{9A9E4BB6-362D-42F7-A4C6-C24C521C21B3}.Debug|Any CPU.ActiveCfg = Debug|Any CPU
		{9A9E4BB6-362D-42F7-A4C6-C24C521C21B3}.Debug|Any CPU.Build.0 = Debug|Any CPU
		{9A9E4BB6-362D-42F7-A4C6-C24C521C21B3}.Debug|x64.ActiveCfg = Debug|Any CPU
		{9A9E4BB6-362D-42F7-A4C6-C24C521C21B3}.Debug|x64.Build.0 = Debug|Any CPU
		{9A9E4BB6-362D-42F7-A4C6-C24C521C21B3}.Debug|x86.ActiveCfg = Debug|Any CPU
		{9A9E4BB6-362D-42F7-A4C6-C24C521C21B3}.Debug|x86.Build.0 = Debug|Any CPU
		{9A9E4BB6-362D-42F7-A4C6-C24C521C21B3}.Release|Any CPU.ActiveCfg = Release|Any CPU
		{9A9E4BB6-362D-42F7-A4C6-C24C521C21B3}.Release|Any CPU.Build.0 = Release|Any CPU
		{9A9E4BB6-362D-42F7-A4C6-C24C521C21B3}.Release|x64.ActiveCfg = Release|Any CPU
		{9A9E4BB6-362D-42F7-A4C6-C24C521C21B3}.Release|x64.Build.0 = Release|Any CPU
		{9A9E4BB6-362D-42F7-A4C6-C24C521C21B3}.Release|x86.ActiveCfg = Release|Any CPU
		{9A9E4BB6-362D-42F7-A4C6-C24C521C21B3}.Release|x86.Build.0 = Release|Any CPU
		{6832BE6E-C98E-4823-B42D-6CC3C4797FE4}.Debug|Any CPU.ActiveCfg = Debug|Any CPU
		{6832BE6E-C98E-4823-B42D-6CC3C4797FE4}.Debug|Any CPU.Build.0 = Debug|Any CPU
		{6832BE6E-C98E-4823-B42D-6CC3C4797FE4}.Debug|x64.ActiveCfg = Debug|Any CPU
		{6832BE6E-C98E-4823-B42D-6CC3C4797FE4}.Debug|x64.Build.0 = Debug|Any CPU
		{6832BE6E-C98E-4823-B42D-6CC3C4797FE4}.Debug|x86.ActiveCfg = Debug|Any CPU
		{6832BE6E-C98E-4823-B42D-6CC3C4797FE4}.Debug|x86.Build.0 = Debug|Any CPU
		{6832BE6E-C98E-4823-B42D-6CC3C4797FE4}.Release|Any CPU.ActiveCfg = Release|Any CPU
		{6832BE6E-C98E-4823-B42D-6CC3C4797FE4}.Release|Any CPU.Build.0 = Release|Any CPU
		{6832BE6E-C98E-4823-B42D-6CC3C4797FE4}.Release|x64.ActiveCfg = Release|Any CPU
		{6832BE6E-C98E-4823-B42D-6CC3C4797FE4}.Release|x64.Build.0 = Release|Any CPU
		{6832BE6E-C98E-4823-B42D-6CC3C4797FE4}.Release|x86.ActiveCfg = Release|Any CPU
		{6832BE6E-C98E-4823-B42D-6CC3C4797FE4}.Release|x86.Build.0 = Release|Any CPU
		{4CCE82AF-27AA-4C20-8207-37E370CF4960}.Debug|Any CPU.ActiveCfg = Debug|Any CPU
		{4CCE82AF-27AA-4C20-8207-37E370CF4960}.Debug|Any CPU.Build.0 = Debug|Any CPU
		{4CCE82AF-27AA-4C20-8207-37E370CF4960}.Debug|x64.ActiveCfg = Debug|Any CPU
		{4CCE82AF-27AA-4C20-8207-37E370CF4960}.Debug|x64.Build.0 = Debug|Any CPU
		{4CCE82AF-27AA-4C20-8207-37E370CF4960}.Debug|x86.ActiveCfg = Debug|Any CPU
		{4CCE82AF-27AA-4C20-8207-37E370CF4960}.Debug|x86.Build.0 = Debug|Any CPU
		{4CCE82AF-27AA-4C20-8207-37E370CF4960}.Release|Any CPU.ActiveCfg = Release|Any CPU
		{4CCE82AF-27AA-4C20-8207-37E370CF4960}.Release|Any CPU.Build.0 = Release|Any CPU
		{4CCE82AF-27AA-4C20-8207-37E370CF4960}.Release|x64.ActiveCfg = Release|Any CPU
		{4CCE82AF-27AA-4C20-8207-37E370CF4960}.Release|x64.Build.0 = Release|Any CPU
		{4CCE82AF-27AA-4C20-8207-37E370CF4960}.Release|x86.ActiveCfg = Release|Any CPU
		{4CCE82AF-27AA-4C20-8207-37E370CF4960}.Release|x86.Build.0 = Release|Any CPU
		{A1293E68-7DFF-44ED-8F3A-F5E43425D53A}.Debug|Any CPU.ActiveCfg = Debug|Any CPU
		{A1293E68-7DFF-44ED-8F3A-F5E43425D53A}.Debug|Any CPU.Build.0 = Debug|Any CPU
		{A1293E68-7DFF-44ED-8F3A-F5E43425D53A}.Debug|x64.ActiveCfg = Debug|Any CPU
		{A1293E68-7DFF-44ED-8F3A-F5E43425D53A}.Debug|x64.Build.0 = Debug|Any CPU
		{A1293E68-7DFF-44ED-8F3A-F5E43425D53A}.Debug|x86.ActiveCfg = Debug|Any CPU
		{A1293E68-7DFF-44ED-8F3A-F5E43425D53A}.Debug|x86.Build.0 = Debug|Any CPU
		{A1293E68-7DFF-44ED-8F3A-F5E43425D53A}.Release|Any CPU.ActiveCfg = Release|Any CPU
		{A1293E68-7DFF-44ED-8F3A-F5E43425D53A}.Release|Any CPU.Build.0 = Release|Any CPU
		{A1293E68-7DFF-44ED-8F3A-F5E43425D53A}.Release|x64.ActiveCfg = Release|Any CPU
		{A1293E68-7DFF-44ED-8F3A-F5E43425D53A}.Release|x64.Build.0 = Release|Any CPU
		{A1293E68-7DFF-44ED-8F3A-F5E43425D53A}.Release|x86.ActiveCfg = Release|Any CPU
		{A1293E68-7DFF-44ED-8F3A-F5E43425D53A}.Release|x86.Build.0 = Release|Any CPU
		{9BBCB328-9267-4489-B950-A5508EAA283D}.Debug|Any CPU.ActiveCfg = Debug|Any CPU
		{9BBCB328-9267-4489-B950-A5508EAA283D}.Debug|Any CPU.Build.0 = Debug|Any CPU
		{9BBCB328-9267-4489-B950-A5508EAA283D}.Debug|x64.ActiveCfg = Debug|Any CPU
		{9BBCB328-9267-4489-B950-A5508EAA283D}.Debug|x64.Build.0 = Debug|Any CPU
		{9BBCB328-9267-4489-B950-A5508EAA283D}.Debug|x86.ActiveCfg = Debug|Any CPU
		{9BBCB328-9267-4489-B950-A5508EAA283D}.Debug|x86.Build.0 = Debug|Any CPU
		{9BBCB328-9267-4489-B950-A5508EAA283D}.Release|Any CPU.ActiveCfg = Release|Any CPU
		{9BBCB328-9267-4489-B950-A5508EAA283D}.Release|Any CPU.Build.0 = Release|Any CPU
		{9BBCB328-9267-4489-B950-A5508EAA283D}.Release|x64.ActiveCfg = Release|Any CPU
		{9BBCB328-9267-4489-B950-A5508EAA283D}.Release|x64.Build.0 = Release|Any CPU
		{9BBCB328-9267-4489-B950-A5508EAA283D}.Release|x86.ActiveCfg = Release|Any CPU
		{9BBCB328-9267-4489-B950-A5508EAA283D}.Release|x86.Build.0 = Release|Any CPU
	EndGlobalSection
	GlobalSection(SolutionProperties) = preSolution
		HideSolutionNode = FALSE
	EndGlobalSection
	GlobalSection(NestedProjects) = preSolution
		{60D758F5-20C6-41D6-A48C-DD979540BAB8} = {827E0CD3-B72D-47B6-A68D-7590B98EB39B}
		{FC3ACC14-A26F-4A69-8078-46AE8A37953D} = {827E0CD3-B72D-47B6-A68D-7590B98EB39B}
		{A3E2B215-BBFE-4C2B-A1F4-6CEEFFCE098E} = {0AB3BF05-4346-4AA6-1389-037BE0695223}
		{1F50438D-5A9B-48E9-8CD5-735AEFE5210A} = {0AB3BF05-4346-4AA6-1389-037BE0695223}
		{1DEB7728-7EAF-4B0C-88A5-0059ED5C6C09} = {5D20AA90-6969-D8BD-9DCD-8634F4692FDA}
		{A765BC93-F0AA-447E-A7BE-593DE12100C0} = {827E0CD3-B72D-47B6-A68D-7590B98EB39B}
		{B78CF1E1-7F30-4BA0-A17F-0AEA4AA6C08E} = {0AB3BF05-4346-4AA6-1389-037BE0695223}
		{39473A7E-F102-49D7-91B2-A527325A0D02} = {5D20AA90-6969-D8BD-9DCD-8634F4692FDA}
		{AC8EC705-FEEA-4952-8F59-FF9CE389D769} = {66320409-64EC-F7C5-3DEF-65E7510DAAD1}
		{99B59C22-8D1F-40F0-91B8-491E9B27BA3D} = {827E0CD3-B72D-47B6-A68D-7590B98EB39B}
		{A77576C8-8AE9-411A-B3DB-71361AE6427D} = {0AB3BF05-4346-4AA6-1389-037BE0695223}
		{8DB47EA4-D18B-4457-84A1-4ECA3321A541} = {827E0CD3-B72D-47B6-A68D-7590B98EB39B}
		{AA751334-D83C-4CCA-83A2-A945070AD451} = {0AB3BF05-4346-4AA6-1389-037BE0695223}
		{F0BE640B-C40E-4096-B9B3-7AABA9A2C4BE} = {0AB3BF05-4346-4AA6-1389-037BE0695223}
		{135BF166-F0D0-41D6-9EE3-96B369BDCFB9} = {827E0CD3-B72D-47B6-A68D-7590B98EB39B}
		{CF58AEF5-032E-4A9A-950C-1E079A3FCECD} = {827E0CD3-B72D-47B6-A68D-7590B98EB39B}
		{C05B66DB-BD01-48C0-BBBD-F4868E5688B6} = {0AB3BF05-4346-4AA6-1389-037BE0695223}
		{0FD4FD98-9E0C-4D59-A293-77F630BCD693} = {0AB3BF05-4346-4AA6-1389-037BE0695223}
		{85BA13A6-2AFD-4858-A973-E87975E44B98} = {0AB3BF05-4346-4AA6-1389-037BE0695223}
		{B3DBD703-8139-42DB-810E-606CDDF18DB9} = {5D20AA90-6969-D8BD-9DCD-8634F4692FDA}
		{6305BCF2-43AD-484E-A795-BDA6DFB02927} = {827E0CD3-B72D-47B6-A68D-7590B98EB39B}
		{612B68EA-9836-4EB1-BF34-BF5436B9C401} = {0AB3BF05-4346-4AA6-1389-037BE0695223}
		{9A9E4BB6-362D-42F7-A4C6-C24C521C21B3} = {827E0CD3-B72D-47B6-A68D-7590B98EB39B}
		{6832BE6E-C98E-4823-B42D-6CC3C4797FE4} = {0AB3BF05-4346-4AA6-1389-037BE0695223}
		{4CCE82AF-27AA-4C20-8207-37E370CF4960} = {5D20AA90-6969-D8BD-9DCD-8634F4692FDA}
		{A1293E68-7DFF-44ED-8F3A-F5E43425D53A} = {827E0CD3-B72D-47B6-A68D-7590B98EB39B}
		{9BBCB328-9267-4489-B950-A5508EAA283D} = {0AB3BF05-4346-4AA6-1389-037BE0695223}
	EndGlobalSection
EndGlobal
